// !$*UTF8*$!
{
	archiveVersion = 1;
	classes = {
	};
	objectVersion = 46;
	objects = {

/* Begin PBXBuildFile section */
		C48F95F11C0F6C3100ABF8C8 /* IOUTests.swift in Sources */ = {isa = PBXBuildFile; fileRef = C48F95F01C0F6C3100ABF8C8 /* IOUTests.swift */; };
		C48F96041C0F6C5200ABF8C8 /* AppDelegate.swift in Sources */ = {isa = PBXBuildFile; fileRef = C48F95FC1C0F6C5200ABF8C8 /* AppDelegate.swift */; };
		C48F96051C0F6C5200ABF8C8 /* Assets.xcassets in Resources */ = {isa = PBXBuildFile; fileRef = C48F95FD1C0F6C5200ABF8C8 /* Assets.xcassets */; };
		C48F96061C0F6C5200ABF8C8 /* LaunchScreen.storyboard in Resources */ = {isa = PBXBuildFile; fileRef = C48F95FE1C0F6C5200ABF8C8 /* LaunchScreen.storyboard */; };
		C48F96071C0F6C5200ABF8C8 /* Main.storyboard in Resources */ = {isa = PBXBuildFile; fileRef = C48F96001C0F6C5200ABF8C8 /* Main.storyboard */; };
		C48F96091C0F6C5200ABF8C8 /* ViewController.swift in Sources */ = {isa = PBXBuildFile; fileRef = C48F96031C0F6C5200ABF8C8 /* ViewController.swift */; };
		C48F960C1C0F6CCB00ABF8C8 /* IOU.swift in Sources */ = {isa = PBXBuildFile; fileRef = C48F960B1C0F6CCB00ABF8C8 /* IOU.swift */; };
/* End PBXBuildFile section */

/* Begin PBXContainerItemProxy section */
		C48F95ED1C0F6C3100ABF8C8 /* PBXContainerItemProxy */ = {
			isa = PBXContainerItemProxy;
			containerPortal = C48F95D01C0F6C3100ABF8C8 /* Project object */;
			proxyType = 1;
			remoteGlobalIDString = C48F95D71C0F6C3100ABF8C8;
			remoteInfo = IOU;
		};
/* End PBXContainerItemProxy section */

/* Begin PBXFileReference section */
		C48F95D81C0F6C3100ABF8C8 /* IOU.app */ = {isa = PBXFileReference; explicitFileType = wrapper.application; includeInIndex = 0; path = IOU.app; sourceTree = BUILT_PRODUCTS_DIR; };
		C48F95EC1C0F6C3100ABF8C8 /* IOUTests.xctest */ = {isa = PBXFileReference; explicitFileType = wrapper.cfbundle; includeInIndex = 0; path = IOUTests.xctest; sourceTree = BUILT_PRODUCTS_DIR; };
		C48F95F01C0F6C3100ABF8C8 /* IOUTests.swift */ = {isa = PBXFileReference; lastKnownFileType = sourcecode.swift; path = IOUTests.swift; sourceTree = "<group>"; };
		C48F95F21C0F6C3100ABF8C8 /* Info.plist */ = {isa = PBXFileReference; lastKnownFileType = text.plist.xml; path = Info.plist; sourceTree = "<group>"; };
		C48F95FC1C0F6C5200ABF8C8 /* AppDelegate.swift */ = {isa = PBXFileReference; fileEncoding = 4; lastKnownFileType = sourcecode.swift; path = AppDelegate.swift; sourceTree = "<group>"; };
		C48F95FD1C0F6C5200ABF8C8 /* Assets.xcassets */ = {isa = PBXFileReference; lastKnownFileType = folder.assetcatalog; path = Assets.xcassets; sourceTree = "<group>"; };
		C48F95FF1C0F6C5200ABF8C8 /* Base */ = {isa = PBXFileReference; lastKnownFileType = file.storyboard; name = Base; path = Base.lproj/LaunchScreen.storyboard; sourceTree = "<group>"; };
		C48F96011C0F6C5200ABF8C8 /* Base */ = {isa = PBXFileReference; lastKnownFileType = file.storyboard; name = Base; path = Base.lproj/Main.storyboard; sourceTree = "<group>"; };
		C48F96021C0F6C5200ABF8C8 /* Info.plist */ = {isa = PBXFileReference; fileEncoding = 4; lastKnownFileType = text.plist.xml; path = Info.plist; sourceTree = "<group>"; };
		C48F96031C0F6C5200ABF8C8 /* ViewController.swift */ = {isa = PBXFileReference; fileEncoding = 4; lastKnownFileType = sourcecode.swift; path = ViewController.swift; sourceTree = "<group>"; };
		C48F960B1C0F6CCB00ABF8C8 /* IOU.swift */ = {isa = PBXFileReference; fileEncoding = 4; lastKnownFileType = sourcecode.swift; path = IOU.swift; sourceTree = "<group>"; };
/* End PBXFileReference section */

/* Begin PBXFrameworksBuildPhase section */
		C48F95D51C0F6C3100ABF8C8 /* Frameworks */ = {
			isa = PBXFrameworksBuildPhase;
			buildActionMask = 2147483647;
			files = (
			);
			runOnlyForDeploymentPostprocessing = 0;
		};
		C48F95E91C0F6C3100ABF8C8 /* Frameworks */ = {
			isa = PBXFrameworksBuildPhase;
			buildActionMask = 2147483647;
			files = (
			);
			runOnlyForDeploymentPostprocessing = 0;
		};
/* End PBXFrameworksBuildPhase section */

/* Begin PBXGroup section */
		C48F95CF1C0F6C3100ABF8C8 = {
			isa = PBXGroup;
			children = (
				C48F960A1C0F6CCB00ABF8C8 /* IOU */,
				C48F95FB1C0F6C5200ABF8C8 /* IOUDemo */,
				C48F95EF1C0F6C3100ABF8C8 /* IOUTests */,
				C48F95D91C0F6C3100ABF8C8 /* Products */,
			);
			indentWidth = 4;
			sourceTree = "<group>";
			tabWidth = 4;
		};
		C48F95D91C0F6C3100ABF8C8 /* Products */ = {
			isa = PBXGroup;
			children = (
				C48F95D81C0F6C3100ABF8C8 /* IOU.app */,
				C48F95EC1C0F6C3100ABF8C8 /* IOUTests.xctest */,
			);
			name = Products;
			sourceTree = "<group>";
		};
		C48F95EF1C0F6C3100ABF8C8 /* IOUTests */ = {
			isa = PBXGroup;
			children = (
				C48F95F01C0F6C3100ABF8C8 /* IOUTests.swift */,
				C48F95F21C0F6C3100ABF8C8 /* Info.plist */,
			);
			path = IOUTests;
			sourceTree = "<group>";
		};
		C48F95FB1C0F6C5200ABF8C8 /* IOUDemo */ = {
			isa = PBXGroup;
			children = (
				C48F95FC1C0F6C5200ABF8C8 /* AppDelegate.swift */,
				C48F95FD1C0F6C5200ABF8C8 /* Assets.xcassets */,
				C48F95FE1C0F6C5200ABF8C8 /* LaunchScreen.storyboard */,
				C48F96001C0F6C5200ABF8C8 /* Main.storyboard */,
				C48F96021C0F6C5200ABF8C8 /* Info.plist */,
				C48F96031C0F6C5200ABF8C8 /* ViewController.swift */,
			);
			path = IOUDemo;
			sourceTree = "<group>";
		};
		C48F960A1C0F6CCB00ABF8C8 /* IOU */ = {
			isa = PBXGroup;
			children = (
				C48F960B1C0F6CCB00ABF8C8 /* IOU.swift */,
			);
			path = IOU;
			sourceTree = "<group>";
		};
/* End PBXGroup section */

/* Begin PBXNativeTarget section */
		C48F95D71C0F6C3100ABF8C8 /* IOU */ = {
			isa = PBXNativeTarget;
			buildConfigurationList = C48F95F51C0F6C3100ABF8C8 /* Build configuration list for PBXNativeTarget "IOU" */;
			buildPhases = (
				C48F95D41C0F6C3100ABF8C8 /* Sources */,
				C48F95D51C0F6C3100ABF8C8 /* Frameworks */,
				C48F95D61C0F6C3100ABF8C8 /* Resources */,
			);
			buildRules = (
			);
			dependencies = (
			);
			name = IOU;
			productName = IOU;
			productReference = C48F95D81C0F6C3100ABF8C8 /* IOU.app */;
			productType = "com.apple.product-type.application";
		};
		C48F95EB1C0F6C3100ABF8C8 /* IOUTests */ = {
			isa = PBXNativeTarget;
			buildConfigurationList = C48F95F81C0F6C3100ABF8C8 /* Build configuration list for PBXNativeTarget "IOUTests" */;
			buildPhases = (
				C48F95E81C0F6C3100ABF8C8 /* Sources */,
				C48F95E91C0F6C3100ABF8C8 /* Frameworks */,
				C48F95EA1C0F6C3100ABF8C8 /* Resources */,
			);
			buildRules = (
			);
			dependencies = (
				C48F95EE1C0F6C3100ABF8C8 /* PBXTargetDependency */,
			);
			name = IOUTests;
			productName = IOUTests;
			productReference = C48F95EC1C0F6C3100ABF8C8 /* IOUTests.xctest */;
			productType = "com.apple.product-type.bundle.unit-test";
		};
/* End PBXNativeTarget section */

/* Begin PBXProject section */
		C48F95D01C0F6C3100ABF8C8 /* Project object */ = {
			isa = PBXProject;
			attributes = {
				LastSwiftUpdateCheck = 0710;
				LastUpgradeCheck = 0710;
				ORGANIZATIONNAME = "Grant Oladipo";
				TargetAttributes = {
					C48F95D71C0F6C3100ABF8C8 = {
						CreatedOnToolsVersion = 7.1.1;
					};
					C48F95EB1C0F6C3100ABF8C8 = {
						CreatedOnToolsVersion = 7.1.1;
						TestTargetID = C48F95D71C0F6C3100ABF8C8;
					};
				};
			};
			buildConfigurationList = C48F95D31C0F6C3100ABF8C8 /* Build configuration list for PBXProject "IOU" */;
			compatibilityVersion = "Xcode 3.2";
			developmentRegion = English;
			hasScannedForEncodings = 0;
			knownRegions = (
				en,
				Base,
			);
			mainGroup = C48F95CF1C0F6C3100ABF8C8;
			productRefGroup = C48F95D91C0F6C3100ABF8C8 /* Products */;
			projectDirPath = "";
			projectRoot = "";
			targets = (
				C48F95D71C0F6C3100ABF8C8 /* IOU */,
				C48F95EB1C0F6C3100ABF8C8 /* IOUTests */,
			);
		};
/* End PBXProject section */

/* Begin PBXResourcesBuildPhase section */
		C48F95D61C0F6C3100ABF8C8 /* Resources */ = {
			isa = PBXResourcesBuildPhase;
			buildActionMask = 2147483647;
			files = (
				C48F96071C0F6C5200ABF8C8 /* Main.storyboard in Resources */,
				C48F96051C0F6C5200ABF8C8 /* Assets.xcassets in Resources */,
				C48F96061C0F6C5200ABF8C8 /* LaunchScreen.storyboard in Resources */,
			);
			runOnlyForDeploymentPostprocessing = 0;
		};
		C48F95EA1C0F6C3100ABF8C8 /* Resources */ = {
			isa = PBXResourcesBuildPhase;
			buildActionMask = 2147483647;
			files = (
			);
			runOnlyForDeploymentPostprocessing = 0;
		};
/* End PBXResourcesBuildPhase section */

/* Begin PBXSourcesBuildPhase section */
		C48F95D41C0F6C3100ABF8C8 /* Sources */ = {
			isa = PBXSourcesBuildPhase;
			buildActionMask = 2147483647;
			files = (
				C48F96091C0F6C5200ABF8C8 /* ViewController.swift in Sources */,
				C48F960C1C0F6CCB00ABF8C8 /* IOU.swift in Sources */,
				C48F96041C0F6C5200ABF8C8 /* AppDelegate.swift in Sources */,
			);
			runOnlyForDeploymentPostprocessing = 0;
		};
		C48F95E81C0F6C3100ABF8C8 /* Sources */ = {
			isa = PBXSourcesBuildPhase;
			buildActionMask = 2147483647;
			files = (
				C48F95F11C0F6C3100ABF8C8 /* IOUTests.swift in Sources */,
			);
			runOnlyForDeploymentPostprocessing = 0;
		};
/* End PBXSourcesBuildPhase section */

/* Begin PBXTargetDependency section */
		C48F95EE1C0F6C3100ABF8C8 /* PBXTargetDependency */ = {
			isa = PBXTargetDependency;
			target = C48F95D71C0F6C3100ABF8C8 /* IOU */;
			targetProxy = C48F95ED1C0F6C3100ABF8C8 /* PBXContainerItemProxy */;
		};
/* End PBXTargetDependency section */

/* Begin PBXVariantGroup section */
		C48F95FE1C0F6C5200ABF8C8 /* LaunchScreen.storyboard */ = {
			isa = PBXVariantGroup;
			children = (
				C48F95FF1C0F6C5200ABF8C8 /* Base */,
			);
			name = LaunchScreen.storyboard;
			sourceTree = "<group>";
		};
		C48F96001C0F6C5200ABF8C8 /* Main.storyboard */ = {
			isa = PBXVariantGroup;
			children = (
				C48F96011C0F6C5200ABF8C8 /* Base */,
			);
			name = Main.storyboard;
			sourceTree = "<group>";
		};
/* End PBXVariantGroup section */

/* Begin XCBuildConfiguration section */
		C48F95F31C0F6C3100ABF8C8 /* Debug */ = {
			isa = XCBuildConfiguration;
			buildSettings = {
				ALWAYS_SEARCH_USER_PATHS = NO;
				CLANG_CXX_LANGUAGE_STANDARD = "gnu++0x";
				CLANG_CXX_LIBRARY = "libc++";
				CLANG_ENABLE_MODULES = YES;
				CLANG_ENABLE_OBJC_ARC = YES;
				CLANG_WARN_BOOL_CONVERSION = YES;
				CLANG_WARN_CONSTANT_CONVERSION = YES;
				CLANG_WARN_DIRECT_OBJC_ISA_USAGE = YES_ERROR;
				CLANG_WARN_EMPTY_BODY = YES;
				CLANG_WARN_ENUM_CONVERSION = YES;
				CLANG_WARN_INT_CONVERSION = YES;
				CLANG_WARN_OBJC_ROOT_CLASS = YES_ERROR;
				CLANG_WARN_UNREACHABLE_CODE = YES;
				CLANG_WARN__DUPLICATE_METHOD_MATCH = YES;
				"CODE_SIGN_IDENTITY[sdk=iphoneos*]" = "iPhone Developer";
				COPY_PHASE_STRIP = NO;
				DEBUG_INFORMATION_FORMAT = dwarf;
				ENABLE_STRICT_OBJC_MSGSEND = YES;
				ENABLE_TESTABILITY = YES;
				GCC_C_LANGUAGE_STANDARD = gnu99;
				GCC_DYNAMIC_NO_PIC = NO;
				GCC_NO_COMMON_BLOCKS = YES;
				GCC_OPTIMIZATION_LEVEL = 0;
				GCC_PREPROCESSOR_DEFINITIONS = (
					"DEBUG=1",
					"$(inherited)",
				);
				GCC_WARN_64_TO_32_BIT_CONVERSION = YES;
				GCC_WARN_ABOUT_RETURN_TYPE = YES_ERROR;
				GCC_WARN_UNDECLARED_SELECTOR = YES;
				GCC_WARN_UNINITIALIZED_AUTOS = YES_AGGRESSIVE;
				GCC_WARN_UNUSED_FUNCTION = YES;
				GCC_WARN_UNUSED_VARIABLE = YES;
				IPHONEOS_DEPLOYMENT_TARGET = 9.1;
				MTL_ENABLE_DEBUG_INFO = YES;
				ONLY_ACTIVE_ARCH = YES;
				SDKROOT = iphoneos;
				SWIFT_OPTIMIZATION_LEVEL = "-Onone";
				TARGETED_DEVICE_FAMILY = "1,2";
			};
			name = Debug;
		};
		C48F95F41C0F6C3100ABF8C8 /* Release */ = {
			isa = XCBuildConfiguration;
			buildSettings = {
				ALWAYS_SEARCH_USER_PATHS = NO;
				CLANG_CXX_LANGUAGE_STANDARD = "gnu++0x";
				CLANG_CXX_LIBRARY = "libc++";
				CLANG_ENABLE_MODULES = YES;
				CLANG_ENABLE_OBJC_ARC = YES;
				CLANG_WARN_BOOL_CONVERSION = YES;
				CLANG_WARN_CONSTANT_CONVERSION = YES;
				CLANG_WARN_DIRECT_OBJC_ISA_USAGE = YES_ERROR;
				CLANG_WARN_EMPTY_BODY = YES;
				CLANG_WARN_ENUM_CONVERSION = YES;
				CLANG_WARN_INT_CONVERSION = YES;
				CLANG_WARN_OBJC_ROOT_CLASS = YES_ERROR;
				CLANG_WARN_UNREACHABLE_CODE = YES;
				CLANG_WARN__DUPLICATE_METHOD_MATCH = YES;
				"CODE_SIGN_IDENTITY[sdk=iphoneos*]" = "iPhone Developer";
				COPY_PHASE_STRIP = NO;
				DEBUG_INFORMATION_FORMAT = "dwarf-with-dsym";
				ENABLE_NS_ASSERTIONS = NO;
				ENABLE_STRICT_OBJC_MSGSEND = YES;
				GCC_C_LANGUAGE_STANDARD = gnu99;
				GCC_NO_COMMON_BLOCKS = YES;
				GCC_WARN_64_TO_32_BIT_CONVERSION = YES;
				GCC_WARN_ABOUT_RETURN_TYPE = YES_ERROR;
				GCC_WARN_UNDECLARED_SELECTOR = YES;
				GCC_WARN_UNINITIALIZED_AUTOS = YES_AGGRESSIVE;
				GCC_WARN_UNUSED_FUNCTION = YES;
				GCC_WARN_UNUSED_VARIABLE = YES;
				IPHONEOS_DEPLOYMENT_TARGET = 9.1;
				MTL_ENABLE_DEBUG_INFO = NO;
				SDKROOT = iphoneos;
				TARGETED_DEVICE_FAMILY = "1,2";
				VALIDATE_PRODUCT = YES;
			};
			name = Release;
		};
		C48F95F61C0F6C3100ABF8C8 /* Debug */ = {
			isa = XCBuildConfiguration;
			buildSettings = {
				ASSETCATALOG_COMPILER_APPICON_NAME = AppIcon;
				INFOPLIST_FILE = IOUDemo/Info.plist;
				LD_RUNPATH_SEARCH_PATHS = "$(inherited) @executable_path/Frameworks";
				PRODUCT_BUNDLE_IDENTIFIER = us.oladipo.IOU;
				PRODUCT_NAME = "$(TARGET_NAME)";
			};
			name = Debug;
		};
		C48F95F71C0F6C3100ABF8C8 /* Release */ = {
			isa = XCBuildConfiguration;
			buildSettings = {
				ASSETCATALOG_COMPILER_APPICON_NAME = AppIcon;
				INFOPLIST_FILE = IOUDemo/Info.plist;
				LD_RUNPATH_SEARCH_PATHS = "$(inherited) @executable_path/Frameworks";
				PRODUCT_BUNDLE_IDENTIFIER = us.oladipo.IOU;
				PRODUCT_NAME = "$(TARGET_NAME)";
			};
			name = Release;
		};
		C48F95F91C0F6C3100ABF8C8 /* Debug */ = {
			isa = XCBuildConfiguration;
			buildSettings = {
				BUNDLE_LOADER = "$(TEST_HOST)";
				INFOPLIST_FILE = IOUTests/Info.plist;
				LD_RUNPATH_SEARCH_PATHS = "$(inherited) @executable_path/Frameworks @loader_path/Frameworks";
				PRODUCT_BUNDLE_IDENTIFIER = us.oladipo.IOUTests;
				PRODUCT_NAME = "$(TARGET_NAME)";
				TEST_HOST = "$(BUILT_PRODUCTS_DIR)/IOU.app/IOU";
			};
			name = Debug;
		};
		C48F95FA1C0F6C3100ABF8C8 /* Release */ = {
			isa = XCBuildConfiguration;
			buildSettings = {
				BUNDLE_LOADER = "$(TEST_HOST)";
				INFOPLIST_FILE = IOUTests/Info.plist;
				LD_RUNPATH_SEARCH_PATHS = "$(inherited) @executable_path/Frameworks @loader_path/Frameworks";
				PRODUCT_BUNDLE_IDENTIFIER = us.oladipo.IOUTests;
				PRODUCT_NAME = "$(TARGET_NAME)";
				TEST_HOST = "$(BUILT_PRODUCTS_DIR)/IOU.app/IOU";
			};
			name = Release;
		};
/* End XCBuildConfiguration section */

/* Begin XCConfigurationList section */
		C48F95D31C0F6C3100ABF8C8 /* Build configuration list for PBXProject "IOU" */ = {
			isa = XCConfigurationList;
			buildConfigurations = (
				C48F95F31C0F6C3100ABF8C8 /* Debug */,
				C48F95F41C0F6C3100ABF8C8 /* Release */,
			);
			defaultConfigurationIsVisible = 0;
			defaultConfigurationName = Release;
		};
		C48F95F51C0F6C3100ABF8C8 /* Build configuration list for PBXNativeTarget "IOU" */ = {
			isa = XCConfigurationList;
			buildConfigurations = (
				C48F95F61C0F6C3100ABF8C8 /* Debug */,
				C48F95F71C0F6C3100ABF8C8 /* Release */,
			);
			defaultConfigurationIsVisible = 0;
			defaultConfigurationName = Release;
		};
		C48F95F81C0F6C3100ABF8C8 /* Build configuration list for PBXNativeTarget "IOUTests" */ = {
			isa = XCConfigurationList;
			buildConfigurations = (
				C48F95F91C0F6C3100ABF8C8 /* Debug */,
				C48F95FA1C0F6C3100ABF8C8 /* Release */,
			);
			defaultConfigurationIsVisible = 0;
			defaultConfigurationName = Release;
		};
/* End XCConfigurationList section */
	};
	rootObject = C48F95D01C0F6C3100ABF8C8 /* Project object */;
}
